
Microsoft Visual Studio Solution File, Format Version 12.00
# Visual Studio Version 17
VisualStudioVersion = 17.0.31612.314
MinimumVisualStudioVersion = 10.0.40219.1
Project("{9A19103F-16F7-4668-BE54-9A1E7A4F7556}") = "MilkUp", "MilkUp\MilkUp.csproj", "{22A5A80B-BC66-4EED-A4CA-4BEE3568672A}"
EndProject
Project("{FAE04EC0-301F-11D3-BF4B-00C04F79EFBC}") = "Tests", "Tests\Tests.csproj", "{72AE2AE4-84DC-4CEA-B176-0776A7874C60}"
EndProject
Global
	GlobalSection(SolutionConfigurationPlatforms) = preSolution
		Debug|Any CPU = Debug|Any CPU
		Release|Any CPU = Release|Any CPU
	EndGlobalSection
	GlobalSection(ProjectConfigurationPlatforms) = postSolution
		{22A5A80B-BC66-4EED-A4CA-4BEE3568672A}.Debug|Any CPU.ActiveCfg = Debug|Any CPU
		{22A5A80B-BC66-4EED-A4CA-4BEE3568672A}.Debug|Any CPU.Build.0 = Debug|Any CPU
		{22A5A80B-BC66-4EED-A4CA-4BEE3568672A}.Release|Any CPU.ActiveCfg = Release|Any CPU
		{22A5A80B-BC66-4EED-A4CA-4BEE3568672A}.Release|Any CPU.Build.0 = Release|Any CPU
		{72AE2AE4-84DC-4CEA-B176-0776A7874C60}.Debug|Any CPU.ActiveCfg = Debug|Any CPU
		{72AE2AE4-84DC-4CEA-B176-0776A7874C60}.Debug|Any CPU.Build.0 = Debug|Any CPU
		{72AE2AE4-84DC-4CEA-B176-0776A7874C60}.Release|Any CPU.ActiveCfg = Release|Any CPU
		{72AE2AE4-84DC-4CEA-B176-0776A7874C60}.Release|Any CPU.Build.0 = Release|Any CPU
	EndGlobalSection
	GlobalSection(SolutionProperties) = preSolution
		HideSolutionNode = FALSE
	EndGlobalSection
	GlobalSection(ExtensibilityGlobals) = postSolution
		SolutionGuid = {DBEE4775-3539-4021-8115-36A8102649CA}
	EndGlobalSection
EndGlobal
